
Microsoft Visual Studio Solution File, Format Version 12.00
# Visual Studio 14
VisualStudioVersion = 14.0.25420.1
MinimumVisualStudioVersion = 10.0.40219.1
Project("{FAE04EC0-301F-11D3-BF4B-00C04F79EFBC}") = "Dmp.Tvz", "Dmp.Tvz\Dmp.Tvz.csproj", "{01191DA8-44CE-484D-959C-B12890A42DA2}"
EndProject
Project("{FAE04EC0-301F-11D3-BF4B-00C04F79EFBC}") = "Dmp.Tvz.Tests", "Dmp.Tvz.Tests\Dmp.Tvz.Tests.csproj", "{2AEAB7D5-0926-4A2D-803F-05325DD870F3}"
EndProject
Global
	GlobalSection(SolutionConfigurationPlatforms) = preSolution
		Debug|Any CPU = Debug|Any CPU
		Release|Any CPU = Release|Any CPU
	EndGlobalSection
	GlobalSection(ProjectConfigurationPlatforms) = postSolution
		{01191DA8-44CE-484D-959C-B12890A42DA2}.Debug|Any CPU.ActiveCfg = Debug|Any CPU
		{01191DA8-44CE-484D-959C-B12890A42DA2}.Debug|Any CPU.Build.0 = Debug|Any CPU
		{01191DA8-44CE-484D-959C-B12890A42DA2}.Release|Any CPU.ActiveCfg = Release|Any CPU
		{01191DA8-44CE-484D-959C-B12890A42DA2}.Release|Any CPU.Build.0 = Release|Any CPU
		{2AEAB7D5-0926-4A2D-803F-05325DD870F3}.Debug|Any CPU.ActiveCfg = Debug|Any CPU
		{2AEAB7D5-0926-4A2D-803F-05325DD870F3}.Debug|Any CPU.Build.0 = Debug|Any CPU
		{2AEAB7D5-0926-4A2D-803F-05325DD870F3}.Release|Any CPU.ActiveCfg = Release|Any CPU
		{2AEAB7D5-0926-4A2D-803F-05325DD870F3}.Release|Any CPU.Build.0 = Release|Any CPU
	EndGlobalSection
	GlobalSection(SolutionProperties) = preSolution
		HideSolutionNode = FALSE
	EndGlobalSection
EndGlobal
